
Microsoft Visual Studio Solution File, Format Version 12.00
# Visual Studio Version 16
VisualStudioVersion = 16.0.32126.315
MinimumVisualStudioVersion = 10.0.40219.1
Project("{FAE04EC0-301F-11D3-BF4B-00C04F79EFBC}") = "SEDC.Oop.Class05.Exercises", "SEDC.Oop.Class05.Exercises\SEDC.Oop.Class05.Exercises.csproj", "{096BB910-56F3-4176-9CF3-6AC34B69EE0C}"
EndProject
Global
	GlobalSection(SolutionConfigurationPlatforms) = preSolution
		Debug|Any CPU = Debug|Any CPU
		Release|Any CPU = Release|Any CPU
	EndGlobalSection
	GlobalSection(ProjectConfigurationPlatforms) = postSolution
		{096BB910-56F3-4176-9CF3-6AC34B69EE0C}.Debug|Any CPU.ActiveCfg = Debug|Any CPU
		{096BB910-56F3-4176-9CF3-6AC34B69EE0C}.Debug|Any CPU.Build.0 = Debug|Any CPU
		{096BB910-56F3-4176-9CF3-6AC34B69EE0C}.Release|Any CPU.ActiveCfg = Release|Any CPU
		{096BB910-56F3-4176-9CF3-6AC34B69EE0C}.Release|Any CPU.Build.0 = Release|Any CPU
	EndGlobalSection
	GlobalSection(SolutionProperties) = preSolution
		HideSolutionNode = FALSE
	EndGlobalSection
	GlobalSection(ExtensibilityGlobals) = postSolution
		SolutionGuid = {ABFAA366-FCCF-4D94-A22B-D78680A32B38}
	EndGlobalSection
EndGlobal
