
Microsoft Visual Studio Solution File, Format Version 12.00
# Visual Studio Version 16
VisualStudioVersion = 16.0.32126.315
MinimumVisualStudioVersion = 10.0.40219.1
Project("{FAE04EC0-301F-11D3-BF4B-00C04F79EFBC}") = "SEDC.Oop.Class08.CSharpCollections", "SEDC.Oop.Class08.CSharpCollections.csproj", "{41205AB0-DABC-4066-9DCE-F464B412E2F8}"
EndProject
Project("{FAE04EC0-301F-11D3-BF4B-00C04F79EFBC}") = "SEDC.Oop.Class08.Exercises", "..\SEDC.Oop.Class08.Exercises\SEDC.Oop.Class08.Exercises.csproj", "{E26614CA-6ABC-4075-992D-9186170A7D2A}"
EndProject
Project("{FAE04EC0-301F-11D3-BF4B-00C04F79EFBC}") = "SEDC.Oop.Class08.Exercise2", "..\SEDC.Oop.Class08.Exercise2\SEDC.Oop.Class08.Exercise2.csproj", "{B9E9700E-7287-415A-8BC3-E5B901D825BA}"
EndProject
Global
	GlobalSection(SolutionConfigurationPlatforms) = preSolution
		Debug|Any CPU = Debug|Any CPU
		Release|Any CPU = Release|Any CPU
	EndGlobalSection
	GlobalSection(ProjectConfigurationPlatforms) = postSolution
		{41205AB0-DABC-4066-9DCE-F464B412E2F8}.Debug|Any CPU.ActiveCfg = Debug|Any CPU
		{41205AB0-DABC-4066-9DCE-F464B412E2F8}.Debug|Any CPU.Build.0 = Debug|Any CPU
		{41205AB0-DABC-4066-9DCE-F464B412E2F8}.Release|Any CPU.ActiveCfg = Release|Any CPU
		{41205AB0-DABC-4066-9DCE-F464B412E2F8}.Release|Any CPU.Build.0 = Release|Any CPU
		{E26614CA-6ABC-4075-992D-9186170A7D2A}.Debug|Any CPU.ActiveCfg = Debug|Any CPU
		{E26614CA-6ABC-4075-992D-9186170A7D2A}.Debug|Any CPU.Build.0 = Debug|Any CPU
		{E26614CA-6ABC-4075-992D-9186170A7D2A}.Release|Any CPU.ActiveCfg = Release|Any CPU
		{E26614CA-6ABC-4075-992D-9186170A7D2A}.Release|Any CPU.Build.0 = Release|Any CPU
		{B9E9700E-7287-415A-8BC3-E5B901D825BA}.Debug|Any CPU.ActiveCfg = Debug|Any CPU
		{B9E9700E-7287-415A-8BC3-E5B901D825BA}.Debug|Any CPU.Build.0 = Debug|Any CPU
		{B9E9700E-7287-415A-8BC3-E5B901D825BA}.Release|Any CPU.ActiveCfg = Release|Any CPU
		{B9E9700E-7287-415A-8BC3-E5B901D825BA}.Release|Any CPU.Build.0 = Release|Any CPU
	EndGlobalSection
	GlobalSection(SolutionProperties) = preSolution
		HideSolutionNode = FALSE
	EndGlobalSection
	GlobalSection(ExtensibilityGlobals) = postSolution
		SolutionGuid = {22935DE1-1D91-4CBF-A163-5AA6B0A3E7C5}
	EndGlobalSection
EndGlobal
